
Microsoft Visual Studio Solution File, Format Version 12.00
# Visual Studio 15
VisualStudioVersion = 15.0.27130.2027
MinimumVisualStudioVersion = 10.0.40219.1
Project("{FAE04EC0-301F-11D3-BF4B-00C04F79EFBC}") = "teacherhelper_control_panel", "teacherhelper_control_panel\teacherhelper_control_panel.csproj", "{CD54D8E3-9599-462D-A0A4-5F12593B0D28}"
EndProject
Global
	GlobalSection(SolutionConfigurationPlatforms) = preSolution
		Debug|Any CPU = Debug|Any CPU
		Release|Any CPU = Release|Any CPU
	EndGlobalSection
	GlobalSection(ProjectConfigurationPlatforms) = postSolution
		{CD54D8E3-9599-462D-A0A4-5F12593B0D28}.Debug|Any CPU.ActiveCfg = Debug|Any CPU
		{CD54D8E3-9599-462D-A0A4-5F12593B0D28}.Debug|Any CPU.Build.0 = Debug|Any CPU
		{CD54D8E3-9599-462D-A0A4-5F12593B0D28}.Release|Any CPU.ActiveCfg = Release|Any CPU
		{CD54D8E3-9599-462D-A0A4-5F12593B0D28}.Release|Any CPU.Build.0 = Release|Any CPU
	EndGlobalSection
	GlobalSection(SolutionProperties) = preSolution
		HideSolutionNode = FALSE
	EndGlobalSection
	GlobalSection(ExtensibilityGlobals) = postSolution
		SolutionGuid = {86FBAFE5-07BB-48AA-9CA5-0E31049F11B9}
	EndGlobalSection
EndGlobal
